
Microsoft Visual Studio Solution File, Format Version 12.00
# Visual Studio Version 17
VisualStudioVersion = 17.1.32228.430
MinimumVisualStudioVersion = 10.0.40219.1
Project("{9A19103F-16F7-4668-BE54-9A1E7A4F7556}") = "QZI.Quizzei.API", "src\QZI.Quizzei.API\QZI.Quizzei.API.csproj", "{54CE5410-FD22-48A5-8B78-6EA39A0F0F50}"
EndProject
Project("{9A19103F-16F7-4668-BE54-9A1E7A4F7556}") = "QZI.Quizzei.Infra.CrossCutting.IoC", "src\QZI.Quizzei.Infra.CrossCutting.IoC\QZI.Quizzei.Infra.CrossCutting.IoC.csproj", "{CF621ECC-D9C9-41A5-81F4-2D69893BD55D}"
EndProject
Project("{9A19103F-16F7-4668-BE54-9A1E7A4F7556}") = "QZI.Quizzei.Infra.Data", "src\QZI.Quizzei.Infra.Data\QZI.Quizzei.Infra.Data.csproj", "{898A92EE-2208-49FF-86F6-950E15A476A8}"
EndProject
Project("{2150E333-8FDC-42A3-9474-1A3956D46DE8}") = "API", "API", "{59A44FAB-22F7-41A3-BB02-C8E721AF8673}"
EndProject
Project("{2150E333-8FDC-42A3-9474-1A3956D46DE8}") = "Worker", "Worker", "{AFCCA772-287A-426A-8FB9-4F6FFEBA8754}"
EndProject
Project("{9A19103F-16F7-4668-BE54-9A1E7A4F7556}") = "QZI.ReaderOcr.Worker", "src\QZI.ReaderOcr.Worker\QZI.ReaderOcr.Worker.csproj", "{9232BE95-F961-4234-AB95-68505ED56BAB}"
EndProject
Project("{2150E333-8FDC-42A3-9474-1A3956D46DE8}") = "Application", "Application", "{4C15F9F5-8E4A-4D23-AD9F-6767E83D0C40}"
EndProject
Project("{9A19103F-16F7-4668-BE54-9A1E7A4F7556}") = "QZI.Quizzei.Application", "src\QZI.Quizzei.Application\QZI.Quizzei.Application.csproj", "{A7D3D90B-79EF-446F-A559-1BBBB014333D}"
EndProject
Project("{2150E333-8FDC-42A3-9474-1A3956D46DE8}") = "Infra", "Infra", "{2DBE2632-A185-4E2E-8682-F2B2B0A53B2E}"
EndProject
Global
	GlobalSection(SolutionConfigurationPlatforms) = preSolution
		Debug|Any CPU = Debug|Any CPU
		Release|Any CPU = Release|Any CPU
	EndGlobalSection
	GlobalSection(ProjectConfigurationPlatforms) = postSolution
		{54CE5410-FD22-48A5-8B78-6EA39A0F0F50}.Debug|Any CPU.ActiveCfg = Debug|Any CPU
		{54CE5410-FD22-48A5-8B78-6EA39A0F0F50}.Debug|Any CPU.Build.0 = Debug|Any CPU
		{54CE5410-FD22-48A5-8B78-6EA39A0F0F50}.Release|Any CPU.ActiveCfg = Release|Any CPU
		{54CE5410-FD22-48A5-8B78-6EA39A0F0F50}.Release|Any CPU.Build.0 = Release|Any CPU
		{CF621ECC-D9C9-41A5-81F4-2D69893BD55D}.Debug|Any CPU.ActiveCfg = Debug|Any CPU
		{CF621ECC-D9C9-41A5-81F4-2D69893BD55D}.Debug|Any CPU.Build.0 = Debug|Any CPU
		{CF621ECC-D9C9-41A5-81F4-2D69893BD55D}.Release|Any CPU.ActiveCfg = Release|Any CPU
		{CF621ECC-D9C9-41A5-81F4-2D69893BD55D}.Release|Any CPU.Build.0 = Release|Any CPU
		{898A92EE-2208-49FF-86F6-950E15A476A8}.Debug|Any CPU.ActiveCfg = Debug|Any CPU
		{898A92EE-2208-49FF-86F6-950E15A476A8}.Debug|Any CPU.Build.0 = Debug|Any CPU
		{898A92EE-2208-49FF-86F6-950E15A476A8}.Release|Any CPU.ActiveCfg = Release|Any CPU
		{898A92EE-2208-49FF-86F6-950E15A476A8}.Release|Any CPU.Build.0 = Release|Any CPU
		{9232BE95-F961-4234-AB95-68505ED56BAB}.Debug|Any CPU.ActiveCfg = Debug|Any CPU
		{9232BE95-F961-4234-AB95-68505ED56BAB}.Debug|Any CPU.Build.0 = Debug|Any CPU
		{9232BE95-F961-4234-AB95-68505ED56BAB}.Release|Any CPU.ActiveCfg = Release|Any CPU
		{9232BE95-F961-4234-AB95-68505ED56BAB}.Release|Any CPU.Build.0 = Release|Any CPU
		{A7D3D90B-79EF-446F-A559-1BBBB014333D}.Debug|Any CPU.ActiveCfg = Debug|Any CPU
		{A7D3D90B-79EF-446F-A559-1BBBB014333D}.Debug|Any CPU.Build.0 = Debug|Any CPU
		{A7D3D90B-79EF-446F-A559-1BBBB014333D}.Release|Any CPU.ActiveCfg = Release|Any CPU
		{A7D3D90B-79EF-446F-A559-1BBBB014333D}.Release|Any CPU.Build.0 = Release|Any CPU
	EndGlobalSection
	GlobalSection(SolutionProperties) = preSolution
		HideSolutionNode = FALSE
	EndGlobalSection
	GlobalSection(NestedProjects) = preSolution
		{54CE5410-FD22-48A5-8B78-6EA39A0F0F50} = {59A44FAB-22F7-41A3-BB02-C8E721AF8673}
		{CF621ECC-D9C9-41A5-81F4-2D69893BD55D} = {2DBE2632-A185-4E2E-8682-F2B2B0A53B2E}
		{898A92EE-2208-49FF-86F6-950E15A476A8} = {2DBE2632-A185-4E2E-8682-F2B2B0A53B2E}
		{9232BE95-F961-4234-AB95-68505ED56BAB} = {AFCCA772-287A-426A-8FB9-4F6FFEBA8754}
		{A7D3D90B-79EF-446F-A559-1BBBB014333D} = {4C15F9F5-8E4A-4D23-AD9F-6767E83D0C40}
	EndGlobalSection
	GlobalSection(ExtensibilityGlobals) = postSolution
		SolutionGuid = {5956A87C-989E-4D4C-82AF-3574E155EEBD}
	EndGlobalSection
EndGlobal
