
Microsoft Visual Studio Solution File, Format Version 12.00
# Visual Studio Version 17
VisualStudioVersion = 17.1.32228.430
MinimumVisualStudioVersion = 10.0.40219.1
Project("{2150E333-8FDC-42A3-9474-1A3956D46DE8}") = "Services", "Services", "{A8AD062D-9053-4BBD-BBCA-FDF055B984BC}"
EndProject
Project("{9A19103F-16F7-4668-BE54-9A1E7A4F7556}") = "Qzi.Identity.Api", "src\Qzi.Identity.Api\Qzi.Identity.Api.csproj", "{093883EE-7C19-4AA9-AF40-1EA097B3C472}"
EndProject
Global
	GlobalSection(SolutionConfigurationPlatforms) = preSolution
		Debug|Any CPU = Debug|Any CPU
		Release|Any CPU = Release|Any CPU
	EndGlobalSection
	GlobalSection(ProjectConfigurationPlatforms) = postSolution
		{093883EE-7C19-4AA9-AF40-1EA097B3C472}.Debug|Any CPU.ActiveCfg = Debug|Any CPU
		{093883EE-7C19-4AA9-AF40-1EA097B3C472}.Debug|Any CPU.Build.0 = Debug|Any CPU
		{093883EE-7C19-4AA9-AF40-1EA097B3C472}.Release|Any CPU.ActiveCfg = Release|Any CPU
		{093883EE-7C19-4AA9-AF40-1EA097B3C472}.Release|Any CPU.Build.0 = Release|Any CPU
	EndGlobalSection
	GlobalSection(SolutionProperties) = preSolution
		HideSolutionNode = FALSE
	EndGlobalSection
	GlobalSection(NestedProjects) = preSolution
		{093883EE-7C19-4AA9-AF40-1EA097B3C472} = {A8AD062D-9053-4BBD-BBCA-FDF055B984BC}
	EndGlobalSection
	GlobalSection(ExtensibilityGlobals) = postSolution
		SolutionGuid = {DC27B9CA-1382-44C3-A2B1-5C0CEDBB9EC0}
	EndGlobalSection
EndGlobal
